{
  "name": "proto-buf-go-ts-typescript",
  "lockfileVersion": 3,
  "requires": true,
  "packages": {
    "": {
      "name": "proto-buf-go-ts-typescript",
      "dependencies": {
        "@bufbuild/protobuf": "^2.2.0"
      },
      "devDependencies": {
        "@bufbuild/protoc-gen-es": "^2.2.0",
        "typescript": "^5.7.3"
      }
    },
    "node_modules/@bufbuild/protobuf": {
      "version": "2.10.2",
      "resolved": "https://registry.npmjs.org/@bufbuild/protobuf/-/protobuf-2.10.2.tgz",
      "integrity": "sha512-uFsRXwIGyu+r6AMdz+XijIIZJYpoWeYzILt5yZ2d3mCjQrWUTVpVD9WL/jZAbvp+Ed04rOhrsk7FiTcEDseB5A==",
      "license": "(Apache-2.0 AND BSD-3-Clause)"
    },
    "node_modules/@bufbuild/protoc-gen-es": {
      "version": "2.10.2",
      "resolved": "https://registry.npmjs.org/@bufbuild/protoc-gen-es/-/protoc-gen-es-2.10.2.tgz",
      "integrity": "sha512-vbjPsuofbtZwZXuOP7Y16CQsxrwCjuRONffmJSBEhoC7PQu/Cabp0+Fu/poLPm9CNM0tDCQA0xvgobgudaEYxQ==",
      "dev": true,
      "license": "Apache-2.0",
      "dependencies": {
        "@bufbuild/protobuf": "2.10.2",
        "@bufbuild/protoplugin": "2.10.2"
      },
      "bin": {
        "protoc-gen-es": "bin/protoc-gen-es"
      },
      "engines": {
        "node": ">=20"
      },
      "peerDependencies": {
        "@bufbuild/protobuf": "2.10.2"
      },
      "peerDependenciesMeta": {
        "@bufbuild/protobuf": {
          "optional": true
        }
      }
    },
    "node_modules/@bufbuild/protoplugin": {
      "version": "2.10.2",
      "resolved": "https://registry.npmjs.org/@bufbuild/protoplugin/-/protoplugin-2.10.2.tgz",
      "integrity": "sha512-RAWVs9tCzRqSS3tUtaFhOcauOAazCrm7tlGh0WHFq/44n5Fj6YgefdlZEPIaAK6VAA+FdOoFgtOJK2Ji5U24pw==",
      "dev": true,
      "license": "Apache-2.0",
      "dependencies": {
        "@bufbuild/protobuf": "2.10.2",
        "@typescript/vfs": "^1.6.2",
        "typescript": "5.4.5"
      }
    },
    "node_modules/@bufbuild/protoplugin/node_modules/typescript": {
      "version": "5.4.5",
      "resolved": "https://registry.npmjs.org/typescript/-/typescript-5.4.5.tgz",
      "integrity": "sha512-vcI4UpRgg81oIRUFwR0WSIHKt11nJ7SAVlYNIu+QpqeyXP+gpQJy/Z4+F0aGxSE4MqwjyXvW/TzgkLAx2AGHwQ==",
      "dev": true,
      "license": "Apache-2.0",
      "bin": {
        "tsc": "bin/tsc",
        "tsserver": "bin/tsserver"
      },
      "engines": {
        "node": ">=14.17"
      }
    },
    "node_modules/@typescript/vfs": {
      "version": "1.6.2",
      "resolved": "https://registry.npmjs.org/@typescript/vfs/-/vfs-1.6.2.tgz",
      "integrity": "sha512-hoBwJwcbKHmvd2QVebiytN1aELvpk9B74B4L1mFm/XT1Q/VOYAWl2vQ9AWRFtQq8zmz6enTpfTV8WRc4ATjW/g==",
      "dev": true,
      "license": "MIT",
      "dependencies": {
        "debug": "^4.1.1"
      },
      "peerDependencies": {
        "typescript": "*"
      }
    },
    "node_modules/debug": {
      "version": "4.4.3",
      "resolved": "https://registry.npmjs.org/debug/-/debug-4.4.3.tgz",
      "integrity": "sha512-RGwwWnwQvkVfavKVt22FGLw+xYSdzARwm0ru6DhTVA3umU5hZc28V3kO4stgYryrTlLpuvgI9GiijltAjNbcqA==",
      "dev": true,
      "license": "MIT",
      "dependencies": {
        "ms": "^2.1.3"
      },
      "engines": {
        "node": ">=6.0"
      },
      "peerDependenciesMeta": {
        "supports-color": {
          "optional": true
        }
      }
    },
    "node_modules/ms": {
      "version": "2.1.3",
      "resolved": "https://registry.npmjs.org/ms/-/ms-2.1.3.tgz",
      "integrity": "sha512-6FlzubTLZG3J2a/NVCAleEhjzq5oxgHyaCU9yYXvcLsvoVaHJq/s5xXI6/XXP6tz7R9xAOtHnSO/tXtF3WRTlA==",
      "dev": true,
      "license": "MIT"
    },
    "node_modules/typescript": {
      "version": "5.9.3",
      "resolved": "https://registry.npmjs.org/typescript/-/typescript-5.9.3.tgz",
      "integrity": "sha512-jl1vZzPDinLr9eUt3J/t7V6FgNEw9QjvBPdysz9KfQDD41fQrC2Y4vKQdiaUpFT4bXlb1RHhLpp8wtm6M5TgSw==",
      "dev": true,
      "license": "Apache-2.0",
      "bin": {
        "tsc": "bin/tsc",
        "tsserver": "bin/tsserver"
      },
      "engines": {
        "node": ">=14.17"
      }
    }
  }
}
